<?xml version="1.0" encoding="utf-8"?>
<Project ToolsVersion="4.0" xmlns="http://schemas.microsoft.com/developer/msbuild/2003">
  <ItemGroup>
    <Filter Include="소스 파일">
      <UniqueIdentifier>{4FC737F1-C7A5-4376-A066-2A32D752A2FF}</UniqueIdentifier>
      <Extensions>cpp;c;cc;cxx;def;odl;idl;hpj;bat;asm;asmx</Extensions>
    </Filter>
    <Filter Include="헤더 파일">
      <UniqueIdentifier>{93995380-89BD-4b04-88EB-625FBE52EBFB}</UniqueIdentifier>
      <Extensions>h;hpp;hxx;hm;inl;inc;xsd</Extensions>
    </Filter>
    <Filter Include="리소스 파일">
      <UniqueIdentifier>{67DA6AB6-F800-4c08-8B7A-83BB121AAD01}</UniqueIdentifier>
      <Extensions>rc;ico;cur;bmp;dlg;rc2;rct;bin;rgs;gif;jpg;jpeg;jpe;resx;tiff;tif;png;wav</Extensions>
    </Filter>
    <Filter Include="Manager">
      <UniqueIdentifier>{cb479bf8-a619-4dda-8bcf-24cf977e2cf4}</UniqueIdentifier>
    </Filter>
  </ItemGroup>
  <ItemGroup>
    <ClCompile Include=".\BackGround.cpp">
      <Filter>소스 파일</Filter>
    </ClCompile>
    <ClCompile Include=".\Ball.cpp">
      <Filter>소스 파일</Filter>
    </ClCompile>
    <ClCompile Include=".\GameScene.cpp">
      <Filter>소스 파일</Filter>
    </ClCompile>
    <ClCompile Include=".\Hero.cpp">
      <Filter>소스 파일</Filter>
    </ClCompile>
    <ClCompile Include=".\Item.cpp">
      <Filter>소스 파일</Filter>
    </ClCompile>
    <ClCompile Include=".\ItemManager.cpp">
      <Filter>소스 파일</Filter>
    </ClCompile>
    <ClCompile Include=".\main.cpp">
      <Filter>소스 파일</Filter>
    </ClCompile>
    <ClCompile Include=".\MenuScene.cpp">
      <Filter>소스 파일</Filter>
    </ClCompile>
    <ClCompile Include=".\Object.cpp">
      <Filter>소스 파일</Filter>
    </ClCompile>
    <ClCompile Include=".\Particle.cpp">
      <Filter>소스 파일</Filter>
    </ClCompile>
    <ClCompile Include=".\ParticleManager.cpp">
      <Filter>소스 파일</Filter>
    </ClCompile>
    <ClCompile Include="..\SmartPad.cpp">
      <Filter>소스 파일</Filter>
    </ClCompile>
    <ClCompile Include=".\SpriteAnimation.cpp">
      <Filter>소스 파일</Filter>
    </ClCompile>
    <ClCompile Include=".\WContactListener.cpp">
      <Filter>소스 파일</Filter>
    </ClCompile>
    <ClCompile Include=".\GameManager.cpp">
      <Filter>Manager</Filter>
    </ClCompile>
    <ClCompile Include=".\ResourceManager.cpp">
      <Filter>Manager</Filter>
    </ClCompile>
    <ClCompile Include=".\SceneManager.cpp">
      <Filter>Manager</Filter>
    </ClCompile>
  </ItemGroup>
  <ItemGroup>
    <ClInclude Include=".\BackGround.h">
      <Filter>헤더 파일</Filter>
    </ClInclude>
    <ClInclude Include=".\Ball.h">
      <Filter>헤더 파일</Filter>
    </ClInclude>
    <ClInclude Include=".\GameScene.h">
      <Filter>헤더 파일</Filter>
    </ClInclude>
    <ClInclude Include=".\Hero.h">
      <Filter>헤더 파일</Filter>
    </ClInclude>
    <ClInclude Include=".\Item.h">
      <Filter>헤더 파일</Filter>
    </ClInclude>
    <ClInclude Include=".\ItemManager.h">
      <Filter>헤더 파일</Filter>
    </ClInclude>
    <ClInclude Include=".\MenuScene.h">
      <Filter>헤더 파일</Filter>
    </ClInclude>
    <ClInclude Include=".\Object.h">
      <Filter>헤더 파일</Filter>
    </ClInclude>
    <ClInclude Include=".\Particle.h">
      <Filter>헤더 파일</Filter>
    </ClInclude>
    <ClInclude Include=".\ParticleManager.h">
      <Filter>헤더 파일</Filter>
    </ClInclude>
    <ClInclude Include=".\Scene.h">
      <Filter>헤더 파일</Filter>
    </ClInclude>
    <ClInclude Include="..\SmartPad.h">
      <Filter>헤더 파일</Filter>
    </ClInclude>
    <ClInclude Include=".\SpriteAnimation.h">
      <Filter>헤더 파일</Filter>
    </ClInclude>
    <ClInclude Include=".\WContactListener.h">
      <Filter>헤더 파일</Filter>
    </ClInclude>
    <ClInclude Include=".\GameManager.h">
      <Filter>Manager</Filter>
    </ClInclude>
    <ClInclude Include=".\ResourceManager.h">
      <Filter>Manager</Filter>
    </ClInclude>
    <ClInclude Include=".\SceneManager.h">
      <Filter>Manager</Filter>
    </ClInclude>
  </ItemGroup>
</Project>